
Microsoft Visual Studio Solution File, Format Version 12.00
# Visual Studio Version 16
VisualStudioVersion = 16.0.29728.190
MinimumVisualStudioVersion = 10.0.40219.1
Project("{9A19103F-16F7-4668-BE54-9A1E7A4F7556}") = "RpgAniAlie", "RpgAniAlie.csproj", "{74D2FB0F-17C7-4AA1-88F9-CF6A2F49C071}"
EndProject
Project("{FAE04EC0-301F-11D3-BF4B-00C04F79EFBC}") = "NUnitTestProject1", "..\NUnitTestProject1\NUnitTestProject1.csproj", "{597A01B7-C829-4C29-BFB1-E499C528DA32}"
EndProject
Global
	GlobalSection(SolutionConfigurationPlatforms) = preSolution
		Debug|Any CPU = Debug|Any CPU
		Release|Any CPU = Release|Any CPU
	EndGlobalSection
	GlobalSection(ProjectConfigurationPlatforms) = postSolution
		{74D2FB0F-17C7-4AA1-88F9-CF6A2F49C071}.Debug|Any CPU.ActiveCfg = Debug|Any CPU
		{74D2FB0F-17C7-4AA1-88F9-CF6A2F49C071}.Debug|Any CPU.Build.0 = Debug|Any CPU
		{74D2FB0F-17C7-4AA1-88F9-CF6A2F49C071}.Release|Any CPU.ActiveCfg = Release|Any CPU
		{74D2FB0F-17C7-4AA1-88F9-CF6A2F49C071}.Release|Any CPU.Build.0 = Release|Any CPU
		{597A01B7-C829-4C29-BFB1-E499C528DA32}.Debug|Any CPU.ActiveCfg = Debug|Any CPU
		{597A01B7-C829-4C29-BFB1-E499C528DA32}.Debug|Any CPU.Build.0 = Debug|Any CPU
		{597A01B7-C829-4C29-BFB1-E499C528DA32}.Release|Any CPU.ActiveCfg = Release|Any CPU
		{597A01B7-C829-4C29-BFB1-E499C528DA32}.Release|Any CPU.Build.0 = Release|Any CPU
	EndGlobalSection
	GlobalSection(SolutionProperties) = preSolution
		HideSolutionNode = FALSE
	EndGlobalSection
	GlobalSection(ExtensibilityGlobals) = postSolution
		SolutionGuid = {0FA43F81-98FD-4627-985B-60486CA5B3D1}
	EndGlobalSection
EndGlobal
